Microsoft Visual Studio Solution File, Format Version 12.00
# Visual Studio 14
VisualStudioVersion = 14.0.25123.0
MinimumVisualStudioVersion = 10.0.40219.1
Project("{581633EB-B896-402F-8E60-36F3DA191C85}") = "Vision Clinic", "Vision Clinic\Vision Clinic.lsxtproj", "{1878357D-7563-4F65-B3AA-4E197D039DD8}"
EndProject
Project("{FAE04EC0-301F-11D3-BF4B-00C04F79EFBC}") = "Vision Clinic.Server", "Vision Clinic\Vision Clinic.Server\Vision Clinic.Server.csproj", "{22DE1B02-C7E4-4EE3-8E1E-C983503647E9}"
EndProject
Project("{FAE04EC0-301F-11D3-BF4B-00C04F79EFBC}") = "Vision Clinic.DesktopClient", "Vision Clinic\Vision Clinic.DesktopClient\Vision Clinic.DesktopClient.csproj", "{8D1D2720-7915-4111-A201-12356170AFE3}"
EndProject
Project("{262852C6-CD72-467D-83FE-5EEB1973A190}") = "Vision Clinic.HTMLClient", "Vision Clinic\Vision Clinic.HTMLClient\Vision Clinic.HTMLClient.jsproj", "{AE60B9F6-8C57-4460-99CE-61C5528829A3}"
EndProject
Global
	GlobalSection(SolutionConfigurationPlatforms) = preSolution
		Debug|Any CPU = Debug|Any CPU
		Release|Any CPU = Release|Any CPU
	EndGlobalSection
	GlobalSection(ProjectConfigurationPlatforms) = postSolution
		{1878357D-7563-4F65-B3AA-4E197D039DD8}.Debug|Any CPU.ActiveCfg = Debug|Any CPU
		{1878357D-7563-4F65-B3AA-4E197D039DD8}.Debug|Any CPU.Build.0 = Debug|Any CPU
		{1878357D-7563-4F65-B3AA-4E197D039DD8}.Release|Any CPU.ActiveCfg = Release|Any CPU
		{1878357D-7563-4F65-B3AA-4E197D039DD8}.Release|Any CPU.Build.0 = Release|Any CPU
		{22DE1B02-C7E4-4EE3-8E1E-C983503647E9}.Debug|Any CPU.ActiveCfg = Debug|Any CPU
		{22DE1B02-C7E4-4EE3-8E1E-C983503647E9}.Debug|Any CPU.Build.0 = Debug|Any CPU
		{22DE1B02-C7E4-4EE3-8E1E-C983503647E9}.Release|Any CPU.ActiveCfg = Release|Any CPU
		{22DE1B02-C7E4-4EE3-8E1E-C983503647E9}.Release|Any CPU.Build.0 = Release|Any CPU
		{8D1D2720-7915-4111-A201-12356170AFE3}.Debug|Any CPU.ActiveCfg = Debug|Any CPU
		{8D1D2720-7915-4111-A201-12356170AFE3}.Debug|Any CPU.Build.0 = Debug|Any CPU
		{8D1D2720-7915-4111-A201-12356170AFE3}.Release|Any CPU.ActiveCfg = Release|Any CPU
		{8D1D2720-7915-4111-A201-12356170AFE3}.Release|Any CPU.Build.0 = Release|Any CPU
		{AE60B9F6-8C57-4460-99CE-61C5528829A3}.Debug|Any CPU.ActiveCfg = Debug|Any CPU
		{AE60B9F6-8C57-4460-99CE-61C5528829A3}.Debug|Any CPU.Build.0 = Debug|Any CPU
		{AE60B9F6-8C57-4460-99CE-61C5528829A3}.Release|Any CPU.ActiveCfg = Release|Any CPU
		{AE60B9F6-8C57-4460-99CE-61C5528829A3}.Release|Any CPU.Build.0 = Release|Any CPU
	EndGlobalSection
	GlobalSection(SolutionProperties) = preSolution
		HideSolutionNode = FALSE
	EndGlobalSection
EndGlobal
